Microsoft Visual Studio Solution File, Format Version 12.00
# Visual Studio Version 17
VisualStudioVersion = 17.5.2.0
MinimumVisualStudioVersion = 10.0.40219.1
Project("{FAE04EC0-301F-11D3-BF4B-00C04F79EFBC}") = "Consolonia.Themes.Simple", "Consolonia.Themes.Simple.csproj", "{BC08DBB6-E725-E9ED-89A4-3150E683856E}"
EndProject
Global
	GlobalSection(SolutionConfigurationPlatforms) = preSolution
		Debug|Any CPU = Debug|Any CPU
		Release|Any CPU = Release|Any CPU
	EndGlobalSection
	GlobalSection(ProjectConfigurationPlatforms) = postSolution
		{BC08DBB6-E725-E9ED-89A4-3150E683856E}.Debug|Any CPU.ActiveCfg = Debug|Any CPU
		{BC08DBB6-E725-E9ED-89A4-3150E683856E}.Debug|Any CPU.Build.0 = Debug|Any CPU
		{BC08DBB6-E725-E9ED-89A4-3150E683856E}.Release|Any CPU.ActiveCfg = Release|Any CPU
		{BC08DBB6-E725-E9ED-89A4-3150E683856E}.Release|Any CPU.Build.0 = Release|Any CPU
	EndGlobalSection
	GlobalSection(SolutionProperties) = preSolution
		HideSolutionNode = FALSE
	EndGlobalSection
	GlobalSection(ExtensibilityGlobals) = postSolution
		SolutionGuid = {D18FD718-6AC2-48AA-92CE-D116C4433CD8}
	EndGlobalSection
EndGlobal
