
Microsoft Visual Studio Solution File, Format Version 12.00
# Visual Studio Version 17
VisualStudioVersion = 17.12.35527.113 d17.12
MinimumVisualStudioVersion = 10.0.40219.1
Project("{FAE04EC0-301F-11D3-BF4B-00C04F79EFBC}") = "CEdit", "CEdit.csproj", "{2E7D27E6-C5A0-4B2B-B3EE-18D03A4FCEDF}"
EndProject
Global
	GlobalSection(SolutionConfigurationPlatforms) = preSolution
		Debug|Any CPU = Debug|Any CPU
		Release|Any CPU = Release|Any CPU
	EndGlobalSection
	GlobalSection(ProjectConfigurationPlatforms) = postSolution
		{2E7D27E6-C5A0-4B2B-B3EE-18D03A4FCEDF}.Debug|Any CPU.ActiveCfg = Debug|Any CPU
		{2E7D27E6-C5A0-4B2B-B3EE-18D03A4FCEDF}.Debug|Any CPU.Build.0 = Debug|Any CPU
		{2E7D27E6-C5A0-4B2B-B3EE-18D03A4FCEDF}.Release|Any CPU.ActiveCfg = Release|Any CPU
		{2E7D27E6-C5A0-4B2B-B3EE-18D03A4FCEDF}.Release|Any CPU.Build.0 = Release|Any CPU
	EndGlobalSection
	GlobalSection(SolutionProperties) = preSolution
		HideSolutionNode = FALSE
	EndGlobalSection
EndGlobal
