
Microsoft Visual Studio Solution File, Format Version 12.00
# Visual Studio Version 17
VisualStudioVersion = 17.11.35327.3
MinimumVisualStudioVersion = 10.0.40219.1
Project("{9A19103F-16F7-4668-BE54-9A1E7A4F7556}") = "Example", "Example\Example.csproj", "{E8624A2C-33B8-4D19-A0BA-1CC39FC422F7}"
EndProject
Project("{9A19103F-16F7-4668-BE54-9A1E7A4F7556}") = "Consolonia.Core", "Consolonia.Core\Consolonia.Core.csproj", "{9ED11926-949D-4D5A-8EA7-41CAB1229C47}"
EndProject
Project("{2150E333-8FDC-42A3-9474-1A3956D46DE8}") = "src", "src", "{18168988-BF89-4EE5-8F64-1FAFB68462A2}"
	ProjectSection(SolutionItems) = preProject
		.editorconfig = .editorconfig
		readme.md = readme.md
	EndProjectSection
EndProject
Project("{9A19103F-16F7-4668-BE54-9A1E7A4F7556}") = "Consolonia.Gallery", "Consolonia.Gallery\Consolonia.Gallery.csproj", "{70643248-718D-46F8-8775-E1674787B195}"
EndProject
Project("{9A19103F-16F7-4668-BE54-9A1E7A4F7556}") = "Consolonia.Themes.TurboVision", "Consolonia.Themes.TurboVision\Consolonia.Themes.TurboVision.csproj", "{850A3EF5-2E1F-4876-B3DE-D5C99FDFC135}"
EndProject
Project("{2150E333-8FDC-42A3-9474-1A3956D46DE8}") = "Solution Items", "Solution Items", "{476E1582-855A-4BEB-BA7D-55302428EE62}"
	ProjectSection(SolutionItems) = preProject
		.editorconfig = .editorconfig
		readme.md = readme.md
	EndProjectSection
EndProject
Project("{2150E333-8FDC-42A3-9474-1A3956D46DE8}") = "RepoRoot", "RepoRoot", "{09FEC8F0-8390-4E31-9C89-9174697FF341}"
	ProjectSection(SolutionItems) = preProject
		..\.gitignore = ..\.gitignore
		..\contributing.md = ..\contributing.md
		..\Directory.Build.props = ..\Directory.Build.props
		..\Directory.Core.Build.props = ..\Directory.Core.Build.props
		..\LICENSE = ..\LICENSE
		..\README.md = ..\README.md
	EndProjectSection
EndProject
Project("{2150E333-8FDC-42A3-9474-1A3956D46DE8}") = ".github", ".github", "{A8CC5246-0D48-4418-B3E8-AC82ADB269E9}"
EndProject
Project("{2150E333-8FDC-42A3-9474-1A3956D46DE8}") = "workflows", "workflows", "{7B64DD09-94E2-47DE-8490-189B9B406A5A}"
	ProjectSection(SolutionItems) = preProject
		..\.github\workflows\editorconfig.yml = ..\.github\workflows\editorconfig.yml
		..\.github\workflows\general_build.yml = ..\.github\workflows\general_build.yml
	EndProjectSection
EndProject
Project("{2150E333-8FDC-42A3-9474-1A3956D46DE8}") = "Tests", "Tests", "{F756B909-46C5-43FF-8322-86EC36B51841}"
EndProject
Project("{9A19103F-16F7-4668-BE54-9A1E7A4F7556}") = "Consolonia.Gallery.Tests", "Tests\Consolonia.Gallery.Tests\Consolonia.Gallery.Tests.csproj", "{1AE0207B-BF59-4473-97E1-79FEB7FA1AD5}"
EndProject
Project("{9A19103F-16F7-4668-BE54-9A1E7A4F7556}") = "Consolonia.PlatformSupport", "Consolonia.PlatformSupport\Consolonia.PlatformSupport.csproj", "{175F6648-971A-4840-B2C1-0B745CF688EB}"
EndProject
Project("{9A19103F-16F7-4668-BE54-9A1E7A4F7556}") = "Consolonia.GuiCS", "Consolonia.GuiCS\Consolonia.GuiCS.csproj", "{66A9B063-A27E-4B8B-974A-C02CD838C274}"
EndProject
Project("{9A19103F-16F7-4668-BE54-9A1E7A4F7556}") = "Consolonia.NUnit", "Consolonia.NUnit\Consolonia.NUnit.csproj", "{76A98F78-6513-4203-AFCC-041F92579189}"
EndProject
Project("{9A19103F-16F7-4668-BE54-9A1E7A4F7556}") = "Consolonia.Core.Tests", "Tests\Consolonia.Core.Tests\Consolonia.Core.Tests.csproj", "{58D95751-209B-4AF4-BC76-A8E52D5CEF5E}"
EndProject
Project("{9A19103F-16F7-4668-BE54-9A1E7A4F7556}") = "Consolonia.PreviewHost", "Tools\Consolonia.PreviewHost\Consolonia.PreviewHost.csproj", "{475CF5C9-7337-4890-A678-4ECDB513E73C}"
EndProject
Project("{2150E333-8FDC-42A3-9474-1A3956D46DE8}") = "Tools", "Tools", "{910B2845-1287-4F4A-9464-1988071907AF}"
EndProject
Project("{9A19103F-16F7-4668-BE54-9A1E7A4F7556}") = "Avalonia.PreviewHost", "Tools\Avalonia.PreviewHost\Avalonia.PreviewHost.csproj", "{6D1DDDE9-34BE-47B8-88F2-F878AC2CC910}"
EndProject
Project("{9A19103F-16F7-4668-BE54-9A1E7A4F7556}") = "Consolonia.Designer", "Consolonia.Designer\Consolonia.Designer.csproj", "{7F0EA682-C28C-4C1C-9D40-EC0561179505}"
EndProject
Project("{FAE04EC0-301F-11D3-BF4B-00C04F79EFBC}") = "Consolonia.Blazor", "Consolonia.Blazor\Consolonia.Blazor.csproj", "{66726106-2ED4-4516-A912-1C0FE0ACDCBD}"
EndProject
Project("{FAE04EC0-301F-11D3-BF4B-00C04F79EFBC}") = "Example.Blazor", "Example.Blazor\Example.Blazor.csproj", "{000ED32A-027D-4005-BDE0-4DBF1ABC0829}"
EndProject
Project("{FAE04EC0-301F-11D3-BF4B-00C04F79EFBC}") = "Example.Blazor.Components", "Example.Blazor.Components\Example.Blazor.Components.csproj", "{F60897B7-2B53-4E2F-B7AE-C3706B928214}"
EndProject
Global
	GlobalSection(SolutionConfigurationPlatforms) = preSolution
		Debug|Any CPU = Debug|Any CPU
		Release|Any CPU = Release|Any CPU
	EndGlobalSection
	GlobalSection(ProjectConfigurationPlatforms) = postSolution
		{E8624A2C-33B8-4D19-A0BA-1CC39FC422F7}.Debug|Any CPU.ActiveCfg = Debug|Any CPU
		{E8624A2C-33B8-4D19-A0BA-1CC39FC422F7}.Debug|Any CPU.Build.0 = Debug|Any CPU
		{E8624A2C-33B8-4D19-A0BA-1CC39FC422F7}.Release|Any CPU.ActiveCfg = Release|Any CPU
		{E8624A2C-33B8-4D19-A0BA-1CC39FC422F7}.Release|Any CPU.Build.0 = Release|Any CPU
		{9ED11926-949D-4D5A-8EA7-41CAB1229C47}.Debug|Any CPU.ActiveCfg = Debug|Any CPU
		{9ED11926-949D-4D5A-8EA7-41CAB1229C47}.Debug|Any CPU.Build.0 = Debug|Any CPU
		{9ED11926-949D-4D5A-8EA7-41CAB1229C47}.Release|Any CPU.ActiveCfg = Release|Any CPU
		{9ED11926-949D-4D5A-8EA7-41CAB1229C47}.Release|Any CPU.Build.0 = Release|Any CPU
		{70643248-718D-46F8-8775-E1674787B195}.Debug|Any CPU.ActiveCfg = Debug|Any CPU
		{70643248-718D-46F8-8775-E1674787B195}.Debug|Any CPU.Build.0 = Debug|Any CPU
		{70643248-718D-46F8-8775-E1674787B195}.Release|Any CPU.ActiveCfg = Release|Any CPU
		{70643248-718D-46F8-8775-E1674787B195}.Release|Any CPU.Build.0 = Release|Any CPU
		{850A3EF5-2E1F-4876-B3DE-D5C99FDFC135}.Debug|Any CPU.ActiveCfg = Debug|Any CPU
		{850A3EF5-2E1F-4876-B3DE-D5C99FDFC135}.Debug|Any CPU.Build.0 = Debug|Any CPU
		{850A3EF5-2E1F-4876-B3DE-D5C99FDFC135}.Release|Any CPU.ActiveCfg = Release|Any CPU
		{850A3EF5-2E1F-4876-B3DE-D5C99FDFC135}.Release|Any CPU.Build.0 = Release|Any CPU
		{1AE0207B-BF59-4473-97E1-79FEB7FA1AD5}.Debug|Any CPU.ActiveCfg = Debug|Any CPU
		{1AE0207B-BF59-4473-97E1-79FEB7FA1AD5}.Debug|Any CPU.Build.0 = Debug|Any CPU
		{1AE0207B-BF59-4473-97E1-79FEB7FA1AD5}.Release|Any CPU.ActiveCfg = Release|Any CPU
		{1AE0207B-BF59-4473-97E1-79FEB7FA1AD5}.Release|Any CPU.Build.0 = Release|Any CPU
		{175F6648-971A-4840-B2C1-0B745CF688EB}.Debug|Any CPU.ActiveCfg = Debug|Any CPU
		{175F6648-971A-4840-B2C1-0B745CF688EB}.Debug|Any CPU.Build.0 = Debug|Any CPU
		{175F6648-971A-4840-B2C1-0B745CF688EB}.Release|Any CPU.ActiveCfg = Release|Any CPU
		{175F6648-971A-4840-B2C1-0B745CF688EB}.Release|Any CPU.Build.0 = Release|Any CPU
		{66A9B063-A27E-4B8B-974A-C02CD838C274}.Debug|Any CPU.ActiveCfg = Debug|Any CPU
		{66A9B063-A27E-4B8B-974A-C02CD838C274}.Debug|Any CPU.Build.0 = Debug|Any CPU
		{66A9B063-A27E-4B8B-974A-C02CD838C274}.Release|Any CPU.ActiveCfg = Release|Any CPU
		{66A9B063-A27E-4B8B-974A-C02CD838C274}.Release|Any CPU.Build.0 = Release|Any CPU
		{76A98F78-6513-4203-AFCC-041F92579189}.Debug|Any CPU.ActiveCfg = Debug|Any CPU
		{76A98F78-6513-4203-AFCC-041F92579189}.Debug|Any CPU.Build.0 = Debug|Any CPU
		{76A98F78-6513-4203-AFCC-041F92579189}.Release|Any CPU.ActiveCfg = Release|Any CPU
		{76A98F78-6513-4203-AFCC-041F92579189}.Release|Any CPU.Build.0 = Release|Any CPU
		{58D95751-209B-4AF4-BC76-A8E52D5CEF5E}.Debug|Any CPU.ActiveCfg = Debug|Any CPU
		{58D95751-209B-4AF4-BC76-A8E52D5CEF5E}.Debug|Any CPU.Build.0 = Debug|Any CPU
		{58D95751-209B-4AF4-BC76-A8E52D5CEF5E}.Release|Any CPU.ActiveCfg = Release|Any CPU
		{58D95751-209B-4AF4-BC76-A8E52D5CEF5E}.Release|Any CPU.Build.0 = Release|Any CPU
		{475CF5C9-7337-4890-A678-4ECDB513E73C}.Debug|Any CPU.ActiveCfg = Debug|Any CPU
		{475CF5C9-7337-4890-A678-4ECDB513E73C}.Debug|Any CPU.Build.0 = Debug|Any CPU
		{475CF5C9-7337-4890-A678-4ECDB513E73C}.Release|Any CPU.ActiveCfg = Release|Any CPU
		{475CF5C9-7337-4890-A678-4ECDB513E73C}.Release|Any CPU.Build.0 = Release|Any CPU
		{6D1DDDE9-34BE-47B8-88F2-F878AC2CC910}.Debug|Any CPU.ActiveCfg = Debug|Any CPU
		{6D1DDDE9-34BE-47B8-88F2-F878AC2CC910}.Debug|Any CPU.Build.0 = Debug|Any CPU
		{6D1DDDE9-34BE-47B8-88F2-F878AC2CC910}.Release|Any CPU.ActiveCfg = Release|Any CPU
		{6D1DDDE9-34BE-47B8-88F2-F878AC2CC910}.Release|Any CPU.Build.0 = Release|Any CPU
		{7F0EA682-C28C-4C1C-9D40-EC0561179505}.Debug|Any CPU.ActiveCfg = Debug|Any CPU
		{7F0EA682-C28C-4C1C-9D40-EC0561179505}.Debug|Any CPU.Build.0 = Debug|Any CPU
		{7F0EA682-C28C-4C1C-9D40-EC0561179505}.Release|Any CPU.ActiveCfg = Release|Any CPU
		{7F0EA682-C28C-4C1C-9D40-EC0561179505}.Release|Any CPU.Build.0 = Release|Any CPU
		{66726106-2ED4-4516-A912-1C0FE0ACDCBD}.Debug|Any CPU.ActiveCfg = Debug|Any CPU
		{66726106-2ED4-4516-A912-1C0FE0ACDCBD}.Debug|Any CPU.Build.0 = Debug|Any CPU
		{66726106-2ED4-4516-A912-1C0FE0ACDCBD}.Release|Any CPU.ActiveCfg = Release|Any CPU
		{66726106-2ED4-4516-A912-1C0FE0ACDCBD}.Release|Any CPU.Build.0 = Release|Any CPU
		{000ED32A-027D-4005-BDE0-4DBF1ABC0829}.Debug|Any CPU.ActiveCfg = Debug|Any CPU
		{000ED32A-027D-4005-BDE0-4DBF1ABC0829}.Debug|Any CPU.Build.0 = Debug|Any CPU
		{000ED32A-027D-4005-BDE0-4DBF1ABC0829}.Release|Any CPU.ActiveCfg = Release|Any CPU
		{000ED32A-027D-4005-BDE0-4DBF1ABC0829}.Release|Any CPU.Build.0 = Release|Any CPU
		{F60897B7-2B53-4E2F-B7AE-C3706B928214}.Debug|Any CPU.ActiveCfg = Debug|Any CPU
		{F60897B7-2B53-4E2F-B7AE-C3706B928214}.Debug|Any CPU.Build.0 = Debug|Any CPU
		{F60897B7-2B53-4E2F-B7AE-C3706B928214}.Release|Any CPU.ActiveCfg = Release|Any CPU
		{F60897B7-2B53-4E2F-B7AE-C3706B928214}.Release|Any CPU.Build.0 = Release|Any CPU
	EndGlobalSection
	GlobalSection(SolutionProperties) = preSolution
		HideSolutionNode = FALSE
	EndGlobalSection
	GlobalSection(NestedProjects) = preSolution
		{A8CC5246-0D48-4418-B3E8-AC82ADB269E9} = {09FEC8F0-8390-4E31-9C89-9174697FF341}
		{7B64DD09-94E2-47DE-8490-189B9B406A5A} = {A8CC5246-0D48-4418-B3E8-AC82ADB269E9}
		{1AE0207B-BF59-4473-97E1-79FEB7FA1AD5} = {F756B909-46C5-43FF-8322-86EC36B51841}
		{58D95751-209B-4AF4-BC76-A8E52D5CEF5E} = {F756B909-46C5-43FF-8322-86EC36B51841}
		{475CF5C9-7337-4890-A678-4ECDB513E73C} = {910B2845-1287-4F4A-9464-1988071907AF}
		{6D1DDDE9-34BE-47B8-88F2-F878AC2CC910} = {910B2845-1287-4F4A-9464-1988071907AF}
	EndGlobalSection
	GlobalSection(ExtensibilityGlobals) = postSolution
		SolutionGuid = {47D28717-CF68-421D-B547-585C16AE6DE7}
	EndGlobalSection
EndGlobal
